
Microsoft Visual Studio Solution File, Format Version 12.00
# Visual Studio 15
VisualStudioVersion = 15.0.27703.2042
MinimumVisualStudioVersion = 10.0.40219.1
Project("{FAE04EC0-301F-11D3-BF4B-00C04F79EFBC}") = "AnimationsHomeWork", "AnimationsHomeWork\AnimationsHomeWork.csproj", "{EA81E884-D391-4F39-B6EB-5CC7B247C7F1}"
EndProject
Global
	GlobalSection(SolutionConfigurationPlatforms) = preSolution
		Debug|Any CPU = Debug|Any CPU
		Release|Any CPU = Release|Any CPU
	EndGlobalSection
	GlobalSection(ProjectConfigurationPlatforms) = postSolution
		{EA81E884-D391-4F39-B6EB-5CC7B247C7F1}.Debug|Any CPU.ActiveCfg = Debug|Any CPU
		{EA81E884-D391-4F39-B6EB-5CC7B247C7F1}.Debug|Any CPU.Build.0 = Debug|Any CPU
		{EA81E884-D391-4F39-B6EB-5CC7B247C7F1}.Release|Any CPU.ActiveCfg = Release|Any CPU
		{EA81E884-D391-4F39-B6EB-5CC7B247C7F1}.Release|Any CPU.Build.0 = Release|Any CPU
	EndGlobalSection
	GlobalSection(SolutionProperties) = preSolution
		HideSolutionNode = FALSE
	EndGlobalSection
	GlobalSection(ExtensibilityGlobals) = postSolution
		SolutionGuid = {D1A757F2-CD0C-4415-A1AB-5B9F529EF45F}
	EndGlobalSection
EndGlobal
